// !$*UTF8*$!
{
	archiveVersion = 1;
	classes = {
	};
	objectVersion = 46;
	objects = {

/* Begin PBXBuildFile section */
		CD2616061E3F46700088A589 /* MaterialView.swift in Sources */ = {isa = PBXBuildFile; fileRef = CD2616051E3F46700088A589 /* MaterialView.swift */; };
		CD2616081E3F5C020088A589 /* ItemCell.swift in Sources */ = {isa = PBXBuildFile; fileRef = CD2616071E3F5C020088A589 /* ItemCell.swift */; };
		CD4732011E48FE26007B8E82 /* ItemDetailsVC.swift in Sources */ = {isa = PBXBuildFile; fileRef = CD4732001E48FE26007B8E82 /* ItemDetailsVC.swift */; };
		CDDCF4A81E4A478E009FB9B5 /* CustomTextField.swift in Sources */ = {isa = PBXBuildFile; fileRef = CDDCF4A71E4A478E009FB9B5 /* CustomTextField.swift */; };
		CDFDFF1A1E3E52D700B700EF /* AppDelegate.swift in Sources */ = {isa = PBXBuildFile; fileRef = CDFDFF191E3E52D700B700EF /* AppDelegate.swift */; };
		CDFDFF1C1E3E52D700B700EF /* ViewController.swift in Sources */ = {isa = PBXBuildFile; fileRef = CDFDFF1B1E3E52D700B700EF /* ViewController.swift */; };
		CDFDFF1F1E3E52D700B700EF /* Main.storyboard in Resources */ = {isa = PBXBuildFile; fileRef = CDFDFF1D1E3E52D700B700EF /* Main.storyboard */; };
		CDFDFF221E3E52D700B700EF /* DreamLister.xcdatamodeld in Sources */ = {isa = PBXBuildFile; fileRef = CDFDFF201E3E52D700B700EF /* DreamLister.xcdatamodeld */; };
		CDFDFF241E3E52D700B700EF /* Assets.xcassets in Resources */ = {isa = PBXBuildFile; fileRef = CDFDFF231E3E52D700B700EF /* Assets.xcassets */; };
		CDFDFF271E3E52D700B700EF /* LaunchScreen.storyboard in Resources */ = {isa = PBXBuildFile; fileRef = CDFDFF251E3E52D700B700EF /* LaunchScreen.storyboard */; };
		CDFDFF461E3E750200B700EF /* Item+CoreDataClass.swift in Sources */ = {isa = PBXBuildFile; fileRef = CDFDFF3E1E3E750200B700EF /* Item+CoreDataClass.swift */; };
		CDFDFF471E3E750200B700EF /* Item+CoreDataProperties.swift in Sources */ = {isa = PBXBuildFile; fileRef = CDFDFF3F1E3E750200B700EF /* Item+CoreDataProperties.swift */; };
		CDFDFF481E3E750200B700EF /* Image+CoreDataClass.swift in Sources */ = {isa = PBXBuildFile; fileRef = CDFDFF401E3E750200B700EF /* Image+CoreDataClass.swift */; };
		CDFDFF491E3E750200B700EF /* Image+CoreDataProperties.swift in Sources */ = {isa = PBXBuildFile; fileRef = CDFDFF411E3E750200B700EF /* Image+CoreDataProperties.swift */; };
		CDFDFF4A1E3E750200B700EF /* ItemType+CoreDataClass.swift in Sources */ = {isa = PBXBuildFile; fileRef = CDFDFF421E3E750200B700EF /* ItemType+CoreDataClass.swift */; };
		CDFDFF4B1E3E750200B700EF /* ItemType+CoreDataProperties.swift in Sources */ = {isa = PBXBuildFile; fileRef = CDFDFF431E3E750200B700EF /* ItemType+CoreDataProperties.swift */; };
		CDFDFF4C1E3E750200B700EF /* Store+CoreDataClass.swift in Sources */ = {isa = PBXBuildFile; fileRef = CDFDFF441E3E750200B700EF /* Store+CoreDataClass.swift */; };
		CDFDFF4D1E3E750200B700EF /* Store+CoreDataProperties.swift in Sources */ = {isa = PBXBuildFile; fileRef = CDFDFF451E3E750200B700EF /* Store+CoreDataProperties.swift */; };
/* End PBXBuildFile section */

/* Begin PBXFileReference section */
		CD2616051E3F46700088A589 /* MaterialView.swift */ = {isa = PBXFileReference; fileEncoding = 4; lastKnownFileType = sourcecode.swift; path = MaterialView.swift; sourceTree = "<group>"; };
		CD2616071E3F5C020088A589 /* ItemCell.swift */ = {isa = PBXFileReference; fileEncoding = 4; lastKnownFileType = sourcecode.swift; path = ItemCell.swift; sourceTree = "<group>"; };
		CD4732001E48FE26007B8E82 /* ItemDetailsVC.swift */ = {isa = PBXFileReference; fileEncoding = 4; lastKnownFileType = sourcecode.swift; path = ItemDetailsVC.swift; sourceTree = "<group>"; };
		CDDCF4A71E4A478E009FB9B5 /* CustomTextField.swift */ = {isa = PBXFileReference; fileEncoding = 4; lastKnownFileType = sourcecode.swift; path = CustomTextField.swift; sourceTree = "<group>"; };
		CDFDFF161E3E52D700B700EF /* DreamLister.app */ = {isa = PBXFileReference; explicitFileType = wrapper.application; includeInIndex = 0; path = DreamLister.app; sourceTree = BUILT_PRODUCTS_DIR; };
		CDFDFF191E3E52D700B700EF /* AppDelegate.swift */ = {isa = PBXFileReference; lastKnownFileType = sourcecode.swift; path = AppDelegate.swift; sourceTree = "<group>"; };
		CDFDFF1B1E3E52D700B700EF /* ViewController.swift */ = {isa = PBXFileReference; lastKnownFileType = sourcecode.swift; path = ViewController.swift; sourceTree = "<group>"; };
		CDFDFF1E1E3E52D700B700EF /* Base */ = {isa = PBXFileReference; lastKnownFileType = file.storyboard; name = Base; path = Base.lproj/Main.storyboard; sourceTree = "<group>"; };
		CDFDFF211E3E52D700B700EF /* DreamLister.xcdatamodel */ = {isa = PBXFileReference; lastKnownFileType = wrapper.xcdatamodel; path = DreamLister.xcdatamodel; sourceTree = "<group>"; };
		CDFDFF231E3E52D700B700EF /* Assets.xcassets */ = {isa = PBXFileReference; lastKnownFileType = folder.assetcatalog; path = Assets.xcassets; sourceTree = "<group>"; };
		CDFDFF261E3E52D700B700EF /* Base */ = {isa = PBXFileReference; lastKnownFileType = file.storyboard; name = Base; path = Base.lproj/LaunchScreen.storyboard; sourceTree = "<group>"; };
		CDFDFF281E3E52D700B700EF /* Info.plist */ = {isa = PBXFileReference; lastKnownFileType = text.plist.xml; path = Info.plist; sourceTree = "<group>"; };
		CDFDFF3E1E3E750200B700EF /* Item+CoreDataClass.swift */ = {isa = PBXFileReference; fileEncoding = 4; lastKnownFileType = sourcecode.swift; path = "Item+CoreDataClass.swift"; sourceTree = "<group>"; };
		CDFDFF3F1E3E750200B700EF /* Item+CoreDataProperties.swift */ = {isa = PBXFileReference; fileEncoding = 4; lastKnownFileType = sourcecode.swift; path = "Item+CoreDataProperties.swift"; sourceTree = "<group>"; };
		CDFDFF401E3E750200B700EF /* Image+CoreDataClass.swift */ = {isa = PBXFileReference; fileEncoding = 4; lastKnownFileType = sourcecode.swift; path = "Image+CoreDataClass.swift"; sourceTree = "<group>"; };
		CDFDFF411E3E750200B700EF /* Image+CoreDataProperties.swift */ = {isa = PBXFileReference; fileEncoding = 4; lastKnownFileType = sourcecode.swift; path = "Image+CoreDataProperties.swift"; sourceTree = "<group>"; };
		CDFDFF421E3E750200B700EF /* ItemType+CoreDataClass.swift */ = {isa = PBXFileReference; fileEncoding = 4; lastKnownFileType = sourcecode.swift; path = "ItemType+CoreDataClass.swift"; sourceTree = "<group>"; };
		CDFDFF431E3E750200B700EF /* ItemType+CoreDataProperties.swift */ = {isa = PBXFileReference; fileEncoding = 4; lastKnownFileType = sourcecode.swift; path = "ItemType+CoreDataProperties.swift"; sourceTree = "<group>"; };
		CDFDFF441E3E750200B700EF /* Store+CoreDataClass.swift */ = {isa = PBXFileReference; fileEncoding = 4; lastKnownFileType = sourcecode.swift; path = "Store+CoreDataClass.swift"; sourceTree = "<group>"; };
		CDFDFF451E3E750200B700EF /* Store+CoreDataProperties.swift */ = {isa = PBXFileReference; fileEncoding = 4; lastKnownFileType = sourcecode.swift; path = "Store+CoreDataProperties.swift"; sourceTree = "<group>"; };
/* End PBXFileReference section */

/* Begin PBXFrameworksBuildPhase section */
		CDFDFF131E3E52D700B700EF /* Frameworks */ = {
			isa = PBXFrameworksBuildPhase;
			buildActionMask = 2147483647;
			files = (
			);
			runOnlyForDeploymentPostprocessing = 0;
		};
/* End PBXFrameworksBuildPhase section */

/* Begin PBXGroup section */
		CD2616011E3F33E10088A589 /* Model */ = {
			isa = PBXGroup;
			children = (
				CDFDFF401E3E750200B700EF /* Image+CoreDataClass.swift */,
				CDFDFF421E3E750200B700EF /* ItemType+CoreDataClass.swift */,
				CDFDFF441E3E750200B700EF /* Store+CoreDataClass.swift */,
				CDFDFF3E1E3E750200B700EF /* Item+CoreDataClass.swift */,
			);
			name = Model;
			sourceTree = "<group>";
		};
		CD2616031E3F34050088A589 /* Generated */ = {
			isa = PBXGroup;
			children = (
				CDFDFF3F1E3E750200B700EF /* Item+CoreDataProperties.swift */,
				CDFDFF411E3E750200B700EF /* Image+CoreDataProperties.swift */,
				CDFDFF431E3E750200B700EF /* ItemType+CoreDataProperties.swift */,
				CDFDFF451E3E750200B700EF /* Store+CoreDataProperties.swift */,
			);
			name = Generated;
			sourceTree = "<group>";
		};
		CD2616041E3F46470088A589 /* View */ = {
			isa = PBXGroup;
			children = (
				CDDCF4A71E4A478E009FB9B5 /* CustomTextField.swift */,
				CD2616051E3F46700088A589 /* MaterialView.swift */,
				CD2616071E3F5C020088A589 /* ItemCell.swift */,
			);
			name = View;
			sourceTree = "<group>";
		};
		CD4731FF1E48FE02007B8E82 /* Controllers */ = {
			isa = PBXGroup;
			children = (
				CD4732001E48FE26007B8E82 /* ItemDetailsVC.swift */,
				CDFDFF1B1E3E52D700B700EF /* ViewController.swift */,
			);
			name = Controllers;
			sourceTree = "<group>";
		};
		CDFDFF0D1E3E52D700B700EF = {
			isa = PBXGroup;
			children = (
				CDFDFF181E3E52D700B700EF /* DreamLister */,
				CDFDFF171E3E52D700B700EF /* Products */,
			);
			sourceTree = "<group>";
		};
		CDFDFF171E3E52D700B700EF /* Products */ = {
			isa = PBXGroup;
			children = (
				CDFDFF161E3E52D700B700EF /* DreamLister.app */,
			);
			name = Products;
			sourceTree = "<group>";
		};
		CDFDFF181E3E52D700B700EF /* DreamLister */ = {
			isa = PBXGroup;
			children = (
				CD4731FF1E48FE02007B8E82 /* Controllers */,
				CD2616041E3F46470088A589 /* View */,
				CD2616031E3F34050088A589 /* Generated */,
				CD2616011E3F33E10088A589 /* Model */,
				CDFDFF191E3E52D700B700EF /* AppDelegate.swift */,
				CDFDFF1D1E3E52D700B700EF /* Main.storyboard */,
				CDFDFF231E3E52D700B700EF /* Assets.xcassets */,
				CDFDFF251E3E52D700B700EF /* LaunchScreen.storyboard */,
				CDFDFF281E3E52D700B700EF /* Info.plist */,
				CDFDFF201E3E52D700B700EF /* DreamLister.xcdatamodeld */,
			);
			path = DreamLister;
			sourceTree = "<group>";
		};
/* End PBXGroup section */

/* Begin PBXNativeTarget section */
		CDFDFF151E3E52D700B700EF /* DreamLister */ = {
			isa = PBXNativeTarget;
			buildConfigurationList = CDFDFF2B1E3E52D700B700EF /* Build configuration list for PBXNativeTarget "DreamLister" */;
			buildPhases = (
				CDFDFF121E3E52D700B700EF /* Sources */,
				CDFDFF131E3E52D700B700EF /* Frameworks */,
				CDFDFF141E3E52D700B700EF /* Resources */,
			);
			buildRules = (
			);
			dependencies = (
			);
			name = DreamLister;
			productName = DreamLister;
			productReference = CDFDFF161E3E52D700B700EF /* DreamLister.app */;
			productType = "com.apple.product-type.application";
		};
/* End PBXNativeTarget section */

/* Begin PBXProject section */
		CDFDFF0E1E3E52D700B700EF /* Project object */ = {
			isa = PBXProject;
			attributes = {
				LastSwiftUpdateCheck = 0810;
				LastUpgradeCheck = 0810;
				ORGANIZATIONNAME = "Pranav gupta";
				TargetAttributes = {
					CDFDFF151E3E52D700B700EF = {
						CreatedOnToolsVersion = 8.1;
						ProvisioningStyle = Automatic;
					};
				};
			};
			buildConfigurationList = CDFDFF111E3E52D700B700EF /* Build configuration list for PBXProject "DreamLister" */;
			compatibilityVersion = "Xcode 3.2";
			developmentRegion = English;
			hasScannedForEncodings = 0;
			knownRegions = (
				en,
				Base,
			);
			mainGroup = CDFDFF0D1E3E52D700B700EF;
			productRefGroup = CDFDFF171E3E52D700B700EF /* Products */;
			projectDirPath = "";
			projectRoot = "";
			targets = (
				CDFDFF151E3E52D700B700EF /* DreamLister */,
			);
		};
/* End PBXProject section */

/* Begin PBXResourcesBuildPhase section */
		CDFDFF141E3E52D700B700EF /* Resources */ = {
			isa = PBXResourcesBuildPhase;
			buildActionMask = 2147483647;
			files = (
				CDFDFF271E3E52D700B700EF /* LaunchScreen.storyboard in Resources */,
				CDFDFF241E3E52D700B700EF /* Assets.xcassets in Resources */,
				CDFDFF1F1E3E52D700B700EF /* Main.storyboard in Resources */,
			);
			runOnlyForDeploymentPostprocessing = 0;
		};
/* End PBXResourcesBuildPhase section */

/* Begin PBXSourcesBuildPhase section */
		CDFDFF121E3E52D700B700EF /* Sources */ = {
			isa = PBXSourcesBuildPhase;
			buildActionMask = 2147483647;
			files = (
				CD2616081E3F5C020088A589 /* ItemCell.swift in Sources */,
				CDFDFF1C1E3E52D700B700EF /* ViewController.swift in Sources */,
				CDFDFF1A1E3E52D700B700EF /* AppDelegate.swift in Sources */,
				CDFDFF4B1E3E750200B700EF /* ItemType+CoreDataProperties.swift in Sources */,
				CD2616061E3F46700088A589 /* MaterialView.swift in Sources */,
				CDFDFF461E3E750200B700EF /* Item+CoreDataClass.swift in Sources */,
				CDFDFF4D1E3E750200B700EF /* Store+CoreDataProperties.swift in Sources */,
				CDFDFF481E3E750200B700EF /* Image+CoreDataClass.swift in Sources */,
				CD4732011E48FE26007B8E82 /* ItemDetailsVC.swift in Sources */,
				CDFDFF4A1E3E750200B700EF /* ItemType+CoreDataClass.swift in Sources */,
				CDFDFF221E3E52D700B700EF /* DreamLister.xcdatamodeld in Sources */,
				CDFDFF4C1E3E750200B700EF /* Store+CoreDataClass.swift in Sources */,
				CDFDFF471E3E750200B700EF /* Item+CoreDataProperties.swift in Sources */,
				CDFDFF491E3E750200B700EF /* Image+CoreDataProperties.swift in Sources */,
				CDDCF4A81E4A478E009FB9B5 /* CustomTextField.swift in Sources */,
			);
			runOnlyForDeploymentPostprocessing = 0;
		};
/* End PBXSourcesBuildPhase section */

/* Begin PBXVariantGroup section */
		CDFDFF1D1E3E52D700B700EF /* Main.storyboard */ = {
			isa = PBXVariantGroup;
			children = (
				CDFDFF1E1E3E52D700B700EF /* Base */,
			);
			name = Main.storyboard;
			sourceTree = "<group>";
		};
		CDFDFF251E3E52D700B700EF /* LaunchScreen.storyboard */ = {
			isa = PBXVariantGroup;
			children = (
				CDFDFF261E3E52D700B700EF /* Base */,
			);
			name = LaunchScreen.storyboard;
			sourceTree = "<group>";
		};
/* End PBXVariantGroup section */

/* Begin XCBuildConfiguration section */
		CDFDFF291E3E52D700B700EF /* Debug */ = {
			isa = XCBuildConfiguration;
			buildSettings = {
				ALWAYS_SEARCH_USER_PATHS = NO;
				CLANG_ANALYZER_NONNULL = YES;
				CLANG_CXX_LANGUAGE_STANDARD = "gnu++0x";
				CLANG_CXX_LIBRARY = "libc++";
				CLANG_ENABLE_MODULES = YES;
				CLANG_ENABLE_OBJC_ARC = YES;
				CLANG_WARN_BOOL_CONVERSION = YES;
				CLANG_WARN_CONSTANT_CONVERSION = YES;
				CLANG_WARN_DIRECT_OBJC_ISA_USAGE = YES_ERROR;
				CLANG_WARN_DOCUMENTATION_COMMENTS = YES;
				CLANG_WARN_EMPTY_BODY = YES;
				CLANG_WARN_ENUM_CONVERSION = YES;
				CLANG_WARN_INFINITE_RECURSION = YES;
				CLANG_WARN_INT_CONVERSION = YES;
				CLANG_WARN_OBJC_ROOT_CLASS = YES_ERROR;
				CLANG_WARN_SUSPICIOUS_MOVES = YES;
				CLANG_WARN_UNREACHABLE_CODE = YES;
				CLANG_WARN__DUPLICATE_METHOD_MATCH = YES;
				"CODE_SIGN_IDENTITY[sdk=iphoneos*]" = "iPhone Developer";
				COPY_PHASE_STRIP = NO;
				DEBUG_INFORMATION_FORMAT = dwarf;
				ENABLE_STRICT_OBJC_MSGSEND = YES;
				ENABLE_TESTABILITY = YES;
				GCC_C_LANGUAGE_STANDARD = gnu99;
				GCC_DYNAMIC_NO_PIC = NO;
				GCC_NO_COMMON_BLOCKS = YES;
				GCC_OPTIMIZATION_LEVEL = 0;
				GCC_PREPROCESSOR_DEFINITIONS = (
					"DEBUG=1",
					"$(inherited)",
				);
				GCC_WARN_64_TO_32_BIT_CONVERSION = YES;
				GCC_WARN_ABOUT_RETURN_TYPE = YES_ERROR;
				GCC_WARN_UNDECLARED_SELECTOR = YES;
				GCC_WARN_UNINITIALIZED_AUTOS = YES_AGGRESSIVE;
				GCC_WARN_UNUSED_FUNCTION = YES;
				GCC_WARN_UNUSED_VARIABLE = YES;
				IPHONEOS_DEPLOYMENT_TARGET = 10.1;
				MTL_ENABLE_DEBUG_INFO = YES;
				ONLY_ACTIVE_ARCH = YES;
				SDKROOT = iphoneos;
				SWIFT_ACTIVE_COMPILATION_CONDITIONS = DEBUG;
				SWIFT_OPTIMIZATION_LEVEL = "-Onone";
			};
			name = Debug;
		};
		CDFDFF2A1E3E52D700B700EF /* Release */ = {
			isa = XCBuildConfiguration;
			buildSettings = {
				ALWAYS_SEARCH_USER_PATHS = NO;
				CLANG_ANALYZER_NONNULL = YES;
				CLANG_CXX_LANGUAGE_STANDARD = "gnu++0x";
				CLANG_CXX_LIBRARY = "libc++";
				CLANG_ENABLE_MODULES = YES;
				CLANG_ENABLE_OBJC_ARC = YES;
				CLANG_WARN_BOOL_CONVERSION = YES;
				CLANG_WARN_CONSTANT_CONVERSION = YES;
				CLANG_WARN_DIRECT_OBJC_ISA_USAGE = YES_ERROR;
				CLANG_WARN_DOCUMENTATION_COMMENTS = YES;
				CLANG_WARN_EMPTY_BODY = YES;
				CLANG_WARN_ENUM_CONVERSION = YES;
				CLANG_WARN_INFINITE_RECURSION = YES;
				CLANG_WARN_INT_CONVERSION = YES;
				CLANG_WARN_OBJC_ROOT_CLASS = YES_ERROR;
				CLANG_WARN_SUSPICIOUS_MOVES = YES;
				CLANG_WARN_UNREACHABLE_CODE = YES;
				CLANG_WARN__DUPLICATE_METHOD_MATCH = YES;
				"CODE_SIGN_IDENTITY[sdk=iphoneos*]" = "iPhone Developer";
				COPY_PHASE_STRIP = NO;
				DEBUG_INFORMATION_FORMAT = "dwarf-with-dsym";
				ENABLE_NS_ASSERTIONS = NO;
				ENABLE_STRICT_OBJC_MSGSEND = YES;
				GCC_C_LANGUAGE_STANDARD = gnu99;
				GCC_NO_COMMON_BLOCKS = YES;
				GCC_WARN_64_TO_32_BIT_CONVERSION = YES;
				GCC_WARN_ABOUT_RETURN_TYPE = YES_ERROR;
				GCC_WARN_UNDECLARED_SELECTOR = YES;
				GCC_WARN_UNINITIALIZED_AUTOS = YES_AGGRESSIVE;
				GCC_WARN_UNUSED_FUNCTION = YES;
				GCC_WARN_UNUSED_VARIABLE = YES;
				IPHONEOS_DEPLOYMENT_TARGET = 10.1;
				MTL_ENABLE_DEBUG_INFO = NO;
				SDKROOT = iphoneos;
				SWIFT_OPTIMIZATION_LEVEL = "-Owholemodule";
				VALIDATE_PRODUCT = YES;
			};
			name = Release;
		};
		CDFDFF2C1E3E52D700B700EF /* Debug */ = {
			isa = XCBuildConfiguration;
			buildSettings = {
				ASSETCATALOG_COMPILER_APPICON_NAME = AppIcon;
				INFOPLIST_FILE = DreamLister/Info.plist;
				LD_RUNPATH_SEARCH_PATHS = "$(inherited) @executable_path/Frameworks";
				PRODUCT_BUNDLE_IDENTIFIER = Pranav.DreamLister;
				PRODUCT_NAME = "$(TARGET_NAME)";
				SWIFT_VERSION = 3.0;
			};
			name = Debug;
		};
		CDFDFF2D1E3E52D700B700EF /* Release */ = {
			isa = XCBuildConfiguration;
			buildSettings = {
				ASSETCATALOG_COMPILER_APPICON_NAME = AppIcon;
				INFOPLIST_FILE = DreamLister/Info.plist;
				LD_RUNPATH_SEARCH_PATHS = "$(inherited) @executable_path/Frameworks";
				PRODUCT_BUNDLE_IDENTIFIER = Pranav.DreamLister;
				PRODUCT_NAME = "$(TARGET_NAME)";
				SWIFT_VERSION = 3.0;
			};
			name = Release;
		};
/* End XCBuildConfiguration section */

/* Begin XCConfigurationList section */
		CDFDFF111E3E52D700B700EF /* Build configuration list for PBXProject "DreamLister" */ = {
			isa = XCConfigurationList;
			buildConfigurations = (
				CDFDFF291E3E52D700B700EF /* Debug */,
				CDFDFF2A1E3E52D700B700EF /* Release */,
			);
			defaultConfigurationIsVisible = 0;
			defaultConfigurationName = Release;
		};
		CDFDFF2B1E3E52D700B700EF /* Build configuration list for PBXNativeTarget "DreamLister" */ = {
			isa = XCConfigurationList;
			buildConfigurations = (
				CDFDFF2C1E3E52D700B700EF /* Debug */,
				CDFDFF2D1E3E52D700B700EF /* Release */,
			);
			defaultConfigurationIsVisible = 0;
			defaultConfigurationName = Release;
		};
/* End XCConfigurationList section */

/* Begin XCVersionGroup section */
		CDFDFF201E3E52D700B700EF /* DreamLister.xcdatamodeld */ = {
			isa = XCVersionGroup;
			children = (
				CDFDFF211E3E52D700B700EF /* DreamLister.xcdatamodel */,
			);
			currentVersion = CDFDFF211E3E52D700B700EF /* DreamLister.xcdatamodel */;
			path = DreamLister.xcdatamodeld;
			sourceTree = "<group>";
			versionGroupType = wrapper.xcdatamodel;
		};
/* End XCVersionGroup section */
	};
	rootObject = CDFDFF0E1E3E52D700B700EF /* Project object */;
}
